lockfileVersion: '9.0'

settings:
  autoInstallPeers: true
  excludeLinksFromLockfile: false

importers:

  .:
    dependencies:
      date-fns-jalali:
        specifier: 4.1.0-0
        version: 4.1.0-0

packages:

  date-fns-jalali@4.1.0-0:
    resolution: {integrity: sha512-hTIP/z+t+qKwBDcmmsnmjWTduxCg+5KfdqWQvb2X/8C9+knYY6epN/pfxdDuyVlSVeFz0sM5eEfwIUQ70U4ckg==}

snapshots:

  date-fns-jalali@4.1.0-0: {}
